
Microsoft Visual Studio Solution File, Format Version 12.00
# Visual Studio Version 17
VisualStudioVersion = 17.4.33122.133
MinimumVisualStudioVersion = 10.0.40219.1
Project("{FAE04EC0-301F-11D3-BF4B-00C04F79EFBC}") = "ConsoleApp4", "ConsoleApp4.csproj", "{F2201257-989E-4B90-9820-1AB9EB55B666}"
EndProject
Global
	GlobalSection(SolutionConfigurationPlatforms) = preSolution
		Debug|Any CPU = Debug|Any CPU
		Release|Any CPU = Release|Any CPU
	EndGlobalSection
	GlobalSection(ProjectConfigurationPlatforms) = postSolution
		{F2201257-989E-4B90-9820-1AB9EB55B666}.Debug|Any CPU.ActiveCfg = Debug|Any CPU
		{F2201257-989E-4B90-9820-1AB9EB55B666}.Debug|Any CPU.Build.0 = Debug|Any CPU
		{F2201257-989E-4B90-9820-1AB9EB55B666}.Release|Any CPU.ActiveCfg = Release|Any CPU
		{F2201257-989E-4B90-9820-1AB9EB55B666}.Release|Any CPU.Build.0 = Release|Any CPU
	EndGlobalSection
	GlobalSection(SolutionProperties) = preSolution
		HideSolutionNode = FALSE
	EndGlobalSection
	GlobalSection(ExtensibilityGlobals) = postSolution
		SolutionGuid = {AFB80990-B8AA-41E6-96FE-D3D538904F7B}
	EndGlobalSection
EndGlobal
